
Microsoft Visual Studio Solution File, Format Version 12.00
# Visual Studio 15
VisualStudioVersion = 15.0.28307.421
MinimumVisualStudioVersion = 10.0.40219.1
Project("{FAE04EC0-301F-11D3-BF4B-00C04F79EFBC}") = "Metodos de extencion", "Metodos de extencion\Metodos de extencion.csproj", "{AB19E4B3-1AB3-4659-BAC4-69BDBF317435}"
EndProject
Global
	GlobalSection(SolutionConfigurationPlatforms) = preSolution
		Debug|Any CPU = Debug|Any CPU
		Release|Any CPU = Release|Any CPU
	EndGlobalSection
	GlobalSection(ProjectConfigurationPlatforms) = postSolution
		{AB19E4B3-1AB3-4659-BAC4-69BDBF317435}.Debug|Any CPU.ActiveCfg = Debug|Any CPU
		{AB19E4B3-1AB3-4659-BAC4-69BDBF317435}.Debug|Any CPU.Build.0 = Debug|Any CPU
		{AB19E4B3-1AB3-4659-BAC4-69BDBF317435}.Release|Any CPU.ActiveCfg = Release|Any CPU
		{AB19E4B3-1AB3-4659-BAC4-69BDBF317435}.Release|Any CPU.Build.0 = Release|Any CPU
	EndGlobalSection
	GlobalSection(SolutionProperties) = preSolution
		HideSolutionNode = FALSE
	EndGlobalSection
	GlobalSection(ExtensibilityGlobals) = postSolution
		SolutionGuid = {7EE8C84A-566D-49F4-97D2-7F29C786868B}
	EndGlobalSection
EndGlobal
